// !$*UTF8*$!
{
	archiveVersion = 1;
	classes = {
	};
	objectVersion = 56;
	objects = {

/* Begin PBXBuildFile section */
		071237A72B7B509E00278428 /* CryptocurrencyPresentableErrorMapper.swift in Sources */ = {isa = PBXBuildFile; fileRef = 071237A62B7B509E00278428 /* CryptocurrencyPresentableErrorMapper.swift */; };
		071237A92B7B50D600278428 /* CryptoPresentableItem.swift in Sources */ = {isa = PBXBuildFile; fileRef = 071237A82B7B50D600278428 /* CryptoPresentableItem.swift */; };
		072472B72B7AFC6E0022EC07 /* CryptoListItemView.swift in Sources */ = {isa = PBXBuildFile; fileRef = 072472B62B7AFC6E0022EC07 /* CryptoListItemView.swift */; };
		078672FC2B7C364200449AA6 /* CryptocurrencyPriceHistory.swift in Sources */ = {isa = PBXBuildFile; fileRef = 078672FB2B7C364200449AA6 /* CryptocurrencyPriceHistory.swift */; };
		078672FE2B7C36B700449AA6 /* GetPriceHistory.swift in Sources */ = {isa = PBXBuildFile; fileRef = 078672FD2B7C36B700449AA6 /* GetPriceHistory.swift */; };
		078673002B7C37E400449AA6 /* CryptocurrencyPriceHistoryRepositoryType.swift in Sources */ = {isa = PBXBuildFile; fileRef = 078672FF2B7C37E400449AA6 /* CryptocurrencyPriceHistoryRepositoryType.swift */; };
		078673022B7C387B00449AA6 /* CryptoCurrencyPriceHistoryRepository.swift in Sources */ = {isa = PBXBuildFile; fileRef = 078673012B7C387B00449AA6 /* CryptoCurrencyPriceHistoryRepository.swift */; };
		078673042B7C3A6300449AA6 /* CryptocurrencyPriceHistoryDTO.swift in Sources */ = {isa = PBXBuildFile; fileRef = 078673032B7C3A6300449AA6 /* CryptocurrencyPriceHistoryDTO.swift */; };
		078673062B7C3B7F00449AA6 /* ApiPriceDataSourceType.swift in Sources */ = {isa = PBXBuildFile; fileRef = 078673052B7C3B7F00449AA6 /* ApiPriceDataSourceType.swift */; };
		078673082B7C4C5000449AA6 /* ApiPriceDataSource.swift in Sources */ = {isa = PBXBuildFile; fileRef = 078673072B7C4C5000449AA6 /* ApiPriceDataSource.swift */; };
		0786730A2B7C93EB00449AA6 /* CryptocurrencyPriceHistoryDomainMapper.swift in Sources */ = {isa = PBXBuildFile; fileRef = 078673092B7C93EB00449AA6 /* CryptocurrencyPriceHistoryDomainMapper.swift */; };
		07DB46102B75BAAC0008BF30 /* CoinGekoSwiftUIApp.swift in Sources */ = {isa = PBXBuildFile; fileRef = 07DB460F2B75BAAC0008BF30 /* CoinGekoSwiftUIApp.swift */; };
		07DB46122B75BAAC0008BF30 /* ContentView.swift in Sources */ = {isa = PBXBuildFile; fileRef = 07DB46112B75BAAC0008BF30 /* ContentView.swift */; };
		07DB46142B75BAAE0008BF30 /* Assets.xcassets in Resources */ = {isa = PBXBuildFile; fileRef = 07DB46132B75BAAE0008BF30 /* Assets.xcassets */; };
		07DB46172B75BAAE0008BF30 /* Preview Assets.xcassets in Resources */ = {isa = PBXBuildFile; fileRef = 07DB46162B75BAAE0008BF30 /* Preview Assets.xcassets */; };
		07DB46212B75BAAE0008BF30 /* CoinGekoSwiftUITests.swift in Sources */ = {isa = PBXBuildFile; fileRef = 07DB46202B75BAAE0008BF30 /* CoinGekoSwiftUITests.swift */; };
		07DB462B2B75BAAF0008BF30 /* CoinGekoSwiftUIUITests.swift in Sources */ = {isa = PBXBuildFile; fileRef = 07DB462A2B75BAAF0008BF30 /* CoinGekoSwiftUIUITests.swift */; };
		07DB462D2B75BAAF0008BF30 /* CoinGekoSwiftUIUITestsLaunchTests.swift in Sources */ = {isa = PBXBuildFile; fileRef = 07DB462C2B75BAAF0008BF30 /* CoinGekoSwiftUIUITestsLaunchTests.swift */; };
		07DB465D2B75BAEF0008BF30 /* CryptocurrencyDomainError.swift in Sources */ = {isa = PBXBuildFile; fileRef = 07DB463A2B75BAE30008BF30 /* CryptocurrencyDomainError.swift */; };
		07DB465E2B75BAEF0008BF30 /* GetGlobalCryptoList.swift in Sources */ = {isa = PBXBuildFile; fileRef = 07DB463C2B75BAE30008BF30 /* GetGlobalCryptoList.swift */; };
		07DB465F2B75BAEF0008BF30 /* Cryptocurrency.swift in Sources */ = {isa = PBXBuildFile; fileRef = 07DB463E2B75BAE30008BF30 /* Cryptocurrency.swift */; };
		07DB46602B75BAEF0008BF30 /* GlobalCryptoListRepsitoryType.swift in Sources */ = {isa = PBXBuildFile; fileRef = 07DB46402B75BAE30008BF30 /* GlobalCryptoListRepsitoryType.swift */; };
		07DB46612B75BAF00008BF30 /* CryptocurrencyBuilder.swift in Sources */ = {isa = PBXBuildFile; fileRef = 07DB46422B75BAEA0008BF30 /* CryptocurrencyBuilder.swift */; };
		07DB46622B75BAF00008BF30 /* CryptocurrencyDomainMapper.swift in Sources */ = {isa = PBXBuildFile; fileRef = 07DB46432B75BAEA0008BF30 /* CryptocurrencyDomainMapper.swift */; };
		07DB46632B75BAF00008BF30 /* ApiDataSourceType.swift in Sources */ = {isa = PBXBuildFile; fileRef = 07DB46452B75BAEA0008BF30 /* ApiDataSourceType.swift */; };
		07DB46642B75BAF00008BF30 /* HTTPClientError.swift in Sources */ = {isa = PBXBuildFile; fileRef = 07DB46462B75BAEA0008BF30 /* HTTPClientError.swift */; };
		07DB46652B75BAF00008BF30 /* APICryptoDataSource.swift in Sources */ = {isa = PBXBuildFile; fileRef = 07DB46472B75BAEA0008BF30 /* APICryptoDataSource.swift */; };
		07DB46662B75BAF00008BF30 /* HTTPMethod.swift in Sources */ = {isa = PBXBuildFile; fileRef = 07DB46482B75BAEA0008BF30 /* HTTPMethod.swift */; };
		07DB46672B75BAF00008BF30 /* HTTPClient.swift in Sources */ = {isa = PBXBuildFile; fileRef = 07DB46492B75BAEA0008BF30 /* HTTPClient.swift */; };
		07DB46682B75BAF00008BF30 /* Endpoint.swift in Sources */ = {isa = PBXBuildFile; fileRef = 07DB464A2B75BAEA0008BF30 /* Endpoint.swift */; };
		07DB46692B75BAF00008BF30 /* CrytoCurrencyRepository.swift in Sources */ = {isa = PBXBuildFile; fileRef = 07DB464C2B75BAEA0008BF30 /* CrytoCurrencyRepository.swift */; };
		07DB466A2B75BAF00008BF30 /* CryptocurrencyDomainErrorMapper.swift in Sources */ = {isa = PBXBuildFile; fileRef = 07DB464D2B75BAEA0008BF30 /* CryptocurrencyDomainErrorMapper.swift */; };
		07DB466B2B75BAF00008BF30 /* CryptocurrencyPriceInfoDTO.swift in Sources */ = {isa = PBXBuildFile; fileRef = 07DB464F2B75BAEA0008BF30 /* CryptocurrencyPriceInfoDTO.swift */; };
		07DB466C2B75BAF00008BF30 /* CryptocurrencyBasicDTO.swift in Sources */ = {isa = PBXBuildFile; fileRef = 07DB46502B75BAEA0008BF30 /* CryptocurrencyBasicDTO.swift */; };
		07DB466D2B75BAF00008BF30 /* CryptoCurrencyGlobalInfoDTO.swift in Sources */ = {isa = PBXBuildFile; fileRef = 07DB46512B75BAEA0008BF30 /* CryptoCurrencyGlobalInfoDTO.swift */; };
		07DB466E2B75BAF00008BF30 /* URLSessionHTTPClient.swift in Sources */ = {isa = PBXBuildFile; fileRef = 07DB46542B75BAEB0008BF30 /* URLSessionHTTPClient.swift */; };
		07DB466F2B75BAF00008BF30 /* URLSessionRequestMaker.swift in Sources */ = {isa = PBXBuildFile; fileRef = 07DB46552B75BAEB0008BF30 /* URLSessionRequestMaker.swift */; };
		07DB46702B75BAF00008BF30 /* URLSessionErrorResolver.swift in Sources */ = {isa = PBXBuildFile; fileRef = 07DB46562B75BAEB0008BF30 /* URLSessionErrorResolver.swift */; };
		07DB46712B75BAF00008BF30 /* GlobalCryptoListViewModel.swift in Sources */ = {isa = PBXBuildFile; fileRef = 07DB46582B75BAED0008BF30 /* GlobalCryptoListViewModel.swift */; };
		07DB46722B75BAF00008BF30 /* GlobalCryptoListView.swift in Sources */ = {isa = PBXBuildFile; fileRef = 07DB465A2B75BAEE0008BF30 /* GlobalCryptoListView.swift */; };
		07DB46732B75BAF00008BF30 /* Foundations+Extensions.swift in Sources */ = {isa = PBXBuildFile; fileRef = 07DB465C2B75BAEF0008BF30 /* Foundations+Extensions.swift */; };
		07DB46752B75BB060008BF30 /* README.md in Resources */ = {isa = PBXBuildFile; fileRef = 07DB46742B75BB050008BF30 /* README.md */; };
		07DB46782B75BBAF0008BF30 /* GlobalCryptoListFactory.swift in Sources */ = {isa = PBXBuildFile; fileRef = 07DB46772B75BBAF0008BF30 /* GlobalCryptoListFactory.swift */; };
/* End PBXBuildFile section */

/* Begin PBXContainerItemProxy section */
		07DB461D2B75BAAE0008BF30 /* PBXContainerItemProxy */ = {
			isa = PBXContainerItemProxy;
			containerPortal = 07DB46042B75BAAB0008BF30 /* Project object */;
			proxyType = 1;
			remoteGlobalIDString = 07DB460B2B75BAAC0008BF30;
			remoteInfo = CoinGekoSwiftUI;
		};
		07DB46272B75BAAE0008BF30 /* PBXContainerItemProxy */ = {
			isa = PBXContainerItemProxy;
			containerPortal = 07DB46042B75BAAB0008BF30 /* Project object */;
			proxyType = 1;
			remoteGlobalIDString = 07DB460B2B75BAAC0008BF30;
			remoteInfo = CoinGekoSwiftUI;
		};
/* End PBXContainerItemProxy section */

/* Begin PBXFileReference section */
		071237A62B7B509E00278428 /* CryptocurrencyPresentableErrorMapper.swift */ = {isa = PBXFileReference; lastKnownFileType = sourcecode.swift; path = CryptocurrencyPresentableErrorMapper.swift; sourceTree = "<group>"; };
		071237A82B7B50D600278428 /* CryptoPresentableItem.swift */ = {isa = PBXFileReference; lastKnownFileType = sourcecode.swift; path = CryptoPresentableItem.swift; sourceTree = "<group>"; };
		072472B62B7AFC6E0022EC07 /* CryptoListItemView.swift */ = {isa = PBXFileReference; lastKnownFileType = sourcecode.swift; path = CryptoListItemView.swift; sourceTree = "<group>"; };
		078672FB2B7C364200449AA6 /* CryptocurrencyPriceHistory.swift */ = {isa = PBXFileReference; lastKnownFileType = sourcecode.swift; path = CryptocurrencyPriceHistory.swift; sourceTree = "<group>"; };
		078672FD2B7C36B700449AA6 /* GetPriceHistory.swift */ = {isa = PBXFileReference; lastKnownFileType = sourcecode.swift; path = GetPriceHistory.swift; sourceTree = "<group>"; };
		078672FF2B7C37E400449AA6 /* CryptocurrencyPriceHistoryRepositoryType.swift */ = {isa = PBXFileReference; lastKnownFileType = sourcecode.swift; path = CryptocurrencyPriceHistoryRepositoryType.swift; sourceTree = "<group>"; };
		078673012B7C387B00449AA6 /* CryptoCurrencyPriceHistoryRepository.swift */ = {isa = PBXFileReference; lastKnownFileType = sourcecode.swift; path = CryptoCurrencyPriceHistoryRepository.swift; sourceTree = "<group>"; };
		078673032B7C3A6300449AA6 /* CryptocurrencyPriceHistoryDTO.swift */ = {isa = PBXFileReference; lastKnownFileType = sourcecode.swift; path = CryptocurrencyPriceHistoryDTO.swift; sourceTree = "<group>"; };
		078673052B7C3B7F00449AA6 /* ApiPriceDataSourceType.swift */ = {isa = PBXFileReference; lastKnownFileType = sourcecode.swift; path = ApiPriceDataSourceType.swift; sourceTree = "<group>"; };
		078673072B7C4C5000449AA6 /* ApiPriceDataSource.swift */ = {isa = PBXFileReference; lastKnownFileType = sourcecode.swift; path = ApiPriceDataSource.swift; sourceTree = "<group>"; };
		078673092B7C93EB00449AA6 /* CryptocurrencyPriceHistoryDomainMapper.swift */ = {isa = PBXFileReference; lastKnownFileType = sourcecode.swift; path = CryptocurrencyPriceHistoryDomainMapper.swift; sourceTree = "<group>"; };
		07DB460C2B75BAAC0008BF30 /* CoinGekoSwiftUI.app */ = {isa = PBXFileReference; explicitFileType = wrapper.application; includeInIndex = 0; path = CoinGekoSwiftUI.app; sourceTree = BUILT_PRODUCTS_DIR; };
		07DB460F2B75BAAC0008BF30 /* CoinGekoSwiftUIApp.swift */ = {isa = PBXFileReference; lastKnownFileType = sourcecode.swift; path = CoinGekoSwiftUIApp.swift; sourceTree = "<group>"; };
		07DB46112B75BAAC0008BF30 /* ContentView.swift */ = {isa = PBXFileReference; lastKnownFileType = sourcecode.swift; path = ContentView.swift; sourceTree = "<group>"; };
		07DB46132B75BAAE0008BF30 /* Assets.xcassets */ = {isa = PBXFileReference; lastKnownFileType = folder.assetcatalog; path = Assets.xcassets; sourceTree = "<group>"; };
		07DB46162B75BAAE0008BF30 /* Preview Assets.xcassets */ = {isa = PBXFileReference; lastKnownFileType = folder.assetcatalog; path = "Preview Assets.xcassets"; sourceTree = "<group>"; };
		07DB461C2B75BAAE0008BF30 /* CoinGekoSwiftUITests.xctest */ = {isa = PBXFileReference; explicitFileType = wrapper.cfbundle; includeInIndex = 0; path = CoinGekoSwiftUITests.xctest; sourceTree = BUILT_PRODUCTS_DIR; };
		07DB46202B75BAAE0008BF30 /* CoinGekoSwiftUITests.swift */ = {isa = PBXFileReference; lastKnownFileType = sourcecode.swift; path = CoinGekoSwiftUITests.swift; sourceTree = "<group>"; };
		07DB46262B75BAAE0008BF30 /* CoinGekoSwiftUIUITests.xctest */ = {isa = PBXFileReference; explicitFileType = wrapper.cfbundle; includeInIndex = 0; path = CoinGekoSwiftUIUITests.xctest; sourceTree = BUILT_PRODUCTS_DIR; };
		07DB462A2B75BAAF0008BF30 /* CoinGekoSwiftUIUITests.swift */ = {isa = PBXFileReference; lastKnownFileType = sourcecode.swift; path = CoinGekoSwiftUIUITests.swift; sourceTree = "<group>"; };
		07DB462C2B75BAAF0008BF30 /* CoinGekoSwiftUIUITestsLaunchTests.swift */ = {isa = PBXFileReference; lastKnownFileType = sourcecode.swift; path = CoinGekoSwiftUIUITestsLaunchTests.swift; sourceTree = "<group>"; };
		07DB463A2B75BAE30008BF30 /* CryptocurrencyDomainError.swift */ = {isa = PBXFileReference; fileEncoding = 4; lastKnownFileType = sourcecode.swift; path = CryptocurrencyDomainError.swift; sourceTree = "<group>"; };
		07DB463C2B75BAE30008BF30 /* GetGlobalCryptoList.swift */ = {isa = PBXFileReference; fileEncoding = 4; lastKnownFileType = sourcecode.swift; path = GetGlobalCryptoList.swift; sourceTree = "<group>"; };
		07DB463E2B75BAE30008BF30 /* Cryptocurrency.swift */ = {isa = PBXFileReference; fileEncoding = 4; lastKnownFileType = sourcecode.swift; path = Cryptocurrency.swift; sourceTree = "<group>"; };
		07DB46402B75BAE30008BF30 /* GlobalCryptoListRepsitoryType.swift */ = {isa = PBXFileReference; fileEncoding = 4; lastKnownFileType = sourcecode.swift; path = GlobalCryptoListRepsitoryType.swift; sourceTree = "<group>"; };
		07DB46422B75BAEA0008BF30 /* CryptocurrencyBuilder.swift */ = {isa = PBXFileReference; fileEncoding = 4; lastKnownFileType = sourcecode.swift; path = CryptocurrencyBuilder.swift; sourceTree = "<group>"; };
		07DB46432B75BAEA0008BF30 /* CryptocurrencyDomainMapper.swift */ = {isa = PBXFileReference; fileEncoding = 4; lastKnownFileType = sourcecode.swift; path = CryptocurrencyDomainMapper.swift; sourceTree = "<group>"; };
		07DB46452B75BAEA0008BF30 /* ApiDataSourceType.swift */ = {isa = PBXFileReference; fileEncoding = 4; lastKnownFileType = sourcecode.swift; path = ApiDataSourceType.swift; sourceTree = "<group>"; };
		07DB46462B75BAEA0008BF30 /* HTTPClientError.swift */ = {isa = PBXFileReference; fileEncoding = 4; lastKnownFileType = sourcecode.swift; path = HTTPClientError.swift; sourceTree = "<group>"; };
		07DB46472B75BAEA0008BF30 /* APICryptoDataSource.swift */ = {isa = PBXFileReference; fileEncoding = 4; lastKnownFileType = sourcecode.swift; path = APICryptoDataSource.swift; sourceTree = "<group>"; };
		07DB46482B75BAEA0008BF30 /* HTTPMethod.swift */ = {isa = PBXFileReference; fileEncoding = 4; lastKnownFileType = sourcecode.swift; path = HTTPMethod.swift; sourceTree = "<group>"; };
		07DB46492B75BAEA0008BF30 /* HTTPClient.swift */ = {isa = PBXFileReference; fileEncoding = 4; lastKnownFileType = sourcecode.swift; path = HTTPClient.swift; sourceTree = "<group>"; };
		07DB464A2B75BAEA0008BF30 /* Endpoint.swift */ = {isa = PBXFileReference; fileEncoding = 4; lastKnownFileType = sourcecode.swift; path = Endpoint.swift; sourceTree = "<group>"; };
		07DB464C2B75BAEA0008BF30 /* CrytoCurrencyRepository.swift */ = {isa = PBXFileReference; fileEncoding = 4; lastKnownFileType = sourcecode.swift; path = CrytoCurrencyRepository.swift; sourceTree = "<group>"; };
		07DB464D2B75BAEA0008BF30 /* CryptocurrencyDomainErrorMapper.swift */ = {isa = PBXFileReference; fileEncoding = 4; lastKnownFileType = sourcecode.swift; path = CryptocurrencyDomainErrorMapper.swift; sourceTree = "<group>"; };
		07DB464F2B75BAEA0008BF30 /* CryptocurrencyPriceInfoDTO.swift */ = {isa = PBXFileReference; fileEncoding = 4; lastKnownFileType = sourcecode.swift; path = CryptocurrencyPriceInfoDTO.swift; sourceTree = "<group>"; };
		07DB46502B75BAEA0008BF30 /* CryptocurrencyBasicDTO.swift */ = {isa = PBXFileReference; fileEncoding = 4; lastKnownFileType = sourcecode.swift; path = CryptocurrencyBasicDTO.swift; sourceTree = "<group>"; };
		07DB46512B75BAEA0008BF30 /* CryptoCurrencyGlobalInfoDTO.swift */ = {isa = PBXFileReference; fileEncoding = 4; lastKnownFileType = sourcecode.swift; path = CryptoCurrencyGlobalInfoDTO.swift; sourceTree = "<group>"; };
		07DB46542B75BAEB0008BF30 /* URLSessionHTTPClient.swift */ = {isa = PBXFileReference; fileEncoding = 4; lastKnownFileType = sourcecode.swift; path = URLSessionHTTPClient.swift; sourceTree = "<group>"; };
		07DB46552B75BAEB0008BF30 /* URLSessionRequestMaker.swift */ = {isa = PBXFileReference; fileEncoding = 4; lastKnownFileType = sourcecode.swift; path = URLSessionRequestMaker.swift; sourceTree = "<group>"; };
		07DB46562B75BAEB0008BF30 /* URLSessionErrorResolver.swift */ = {isa = PBXFileReference; fileEncoding = 4; lastKnownFileType = sourcecode.swift; path = URLSessionErrorResolver.swift; sourceTree = "<group>"; };
		07DB46582B75BAED0008BF30 /* GlobalCryptoListViewModel.swift */ = {isa = PBXFileReference; fileEncoding = 4; lastKnownFileType = sourcecode.swift; path = GlobalCryptoListViewModel.swift; sourceTree = "<group>"; };
		07DB465A2B75BAEE0008BF30 /* GlobalCryptoListView.swift */ = {isa = PBXFileReference; fileEncoding = 4; lastKnownFileType = sourcecode.swift; path = GlobalCryptoListView.swift; sourceTree = "<group>"; };
		07DB465C2B75BAEF0008BF30 /* Foundations+Extensions.swift */ = {isa = PBXFileReference; fileEncoding = 4; lastKnownFileType = sourcecode.swift; path = "Foundations+Extensions.swift"; sourceTree = "<group>"; };
		07DB46742B75BB050008BF30 /* README.md */ = {isa = PBXFileReference; fileEncoding = 4; lastKnownFileType = net.daringfireball.markdown; path = README.md; sourceTree = "<group>"; };
		07DB46772B75BBAF0008BF30 /* GlobalCryptoListFactory.swift */ = {isa = PBXFileReference; lastKnownFileType = sourcecode.swift; path = GlobalCryptoListFactory.swift; sourceTree = "<group>"; };
/* End PBXFileReference section */

/* Begin PBXFrameworksBuildPhase section */
		07DB46092B75BAAC0008BF30 /* Frameworks */ = {
			isa = PBXFrameworksBuildPhase;
			buildActionMask = 2147483647;
			files = (
			);
			runOnlyForDeploymentPostprocessing = 0;
		};
		07DB46192B75BAAE0008BF30 /* Frameworks */ = {
			isa = PBXFrameworksBuildPhase;
			buildActionMask = 2147483647;
			files = (
			);
			runOnlyForDeploymentPostprocessing = 0;
		};
		07DB46232B75BAAE0008BF30 /* Frameworks */ = {
			isa = PBXFrameworksBuildPhase;
			buildActionMask = 2147483647;
			files = (
			);
			runOnlyForDeploymentPostprocessing = 0;
		};
/* End PBXFrameworksBuildPhase section */

/* Begin PBXGroup section */
		07DB46032B75BAAB0008BF30 = {
			isa = PBXGroup;
			children = (
				07DB460E2B75BAAC0008BF30 /* CoinGekoSwiftUI */,
				07DB461F2B75BAAE0008BF30 /* CoinGekoSwiftUITests */,
				07DB46292B75BAAE0008BF30 /* CoinGekoSwiftUIUITests */,
				07DB460D2B75BAAC0008BF30 /* Products */,
			);
			sourceTree = "<group>";
		};
		07DB460D2B75BAAC0008BF30 /* Products */ = {
			isa = PBXGroup;
			children = (
				07DB460C2B75BAAC0008BF30 /* CoinGekoSwiftUI.app */,
				07DB461C2B75BAAE0008BF30 /* CoinGekoSwiftUITests.xctest */,
				07DB46262B75BAAE0008BF30 /* CoinGekoSwiftUIUITests.xctest */,
			);
			name = Products;
			sourceTree = "<group>";
		};
		07DB460E2B75BAAC0008BF30 /* CoinGekoSwiftUI */ = {
			isa = PBXGroup;
			children = (
				07DB46762B75BB730008BF30 /* Composition Root */,
				07DB46412B75BAEA0008BF30 /* Data */,
				07DB46392B75BAE30008BF30 /* Domain */,
				07DB46522B75BAEB0008BF30 /* Infraestructure */,
				07DB46572B75BAED0008BF30 /* Presentation */,
				07DB46592B75BAEE0008BF30 /* UI */,
				07DB465B2B75BAEF0008BF30 /* Utils */,
				07DB460F2B75BAAC0008BF30 /* CoinGekoSwiftUIApp.swift */,
				07DB46112B75BAAC0008BF30 /* ContentView.swift */,
				07DB46132B75BAAE0008BF30 /* Assets.xcassets */,
				07DB46742B75BB050008BF30 /* README.md */,
				07DB46152B75BAAE0008BF30 /* Preview Content */,
			);
			path = CoinGekoSwiftUI;
			sourceTree = "<group>";
		};
		07DB46152B75BAAE0008BF30 /* Preview Content */ = {
			isa = PBXGroup;
			children = (
				07DB46162B75BAAE0008BF30 /* Preview Assets.xcassets */,
			);
			path = "Preview Content";
			sourceTree = "<group>";
		};
		07DB461F2B75BAAE0008BF30 /* CoinGekoSwiftUITests */ = {
			isa = PBXGroup;
			children = (
				07DB46202B75BAAE0008BF30 /* CoinGekoSwiftUITests.swift */,
			);
			path = CoinGekoSwiftUITests;
			sourceTree = "<group>";
		};
		07DB46292B75BAAE0008BF30 /* CoinGekoSwiftUIUITests */ = {
			isa = PBXGroup;
			children = (
				07DB462A2B75BAAF0008BF30 /* CoinGekoSwiftUIUITests.swift */,
				07DB462C2B75BAAF0008BF30 /* CoinGekoSwiftUIUITestsLaunchTests.swift */,
			);
			path = CoinGekoSwiftUIUITests;
			sourceTree = "<group>";
		};
		07DB46392B75BAE30008BF30 /* Domain */ = {
			isa = PBXGroup;
			children = (
				07DB463A2B75BAE30008BF30 /* CryptocurrencyDomainError.swift */,
				07DB463B2B75BAE30008BF30 /* UseCases */,
				07DB463D2B75BAE30008BF30 /* Entities */,
				07DB463F2B75BAE30008BF30 /* Interfaces */,
			);
			path = Domain;
			sourceTree = "<group>";
		};
		07DB463B2B75BAE30008BF30 /* UseCases */ = {
			isa = PBXGroup;
			children = (
				07DB463C2B75BAE30008BF30 /* GetGlobalCryptoList.swift */,
				078672FD2B7C36B700449AA6 /* GetPriceHistory.swift */,
			);
			path = UseCases;
			sourceTree = "<group>";
		};
		07DB463D2B75BAE30008BF30 /* Entities */ = {
			isa = PBXGroup;
			children = (
				07DB463E2B75BAE30008BF30 /* Cryptocurrency.swift */,
				078672FB2B7C364200449AA6 /* CryptocurrencyPriceHistory.swift */,
			);
			path = Entities;
			sourceTree = "<group>";
		};
		07DB463F2B75BAE30008BF30 /* Interfaces */ = {
			isa = PBXGroup;
			children = (
				07DB46402B75BAE30008BF30 /* GlobalCryptoListRepsitoryType.swift */,
				078672FF2B7C37E400449AA6 /* CryptocurrencyPriceHistoryRepositoryType.swift */,
			);
			path = Interfaces;
			sourceTree = "<group>";
		};
		07DB46412B75BAEA0008BF30 /* Data */ = {
			isa = PBXGroup;
			children = (
				07DB46422B75BAEA0008BF30 /* CryptocurrencyBuilder.swift */,
				07DB46432B75BAEA0008BF30 /* CryptocurrencyDomainMapper.swift */,
				07DB46442B75BAEA0008BF30 /* Networking */,
				07DB464B2B75BAEA0008BF30 /* Repositories */,
				07DB464D2B75BAEA0008BF30 /* CryptocurrencyDomainErrorMapper.swift */,
				07DB464E2B75BAEA0008BF30 /* DTOs */,
				078673092B7C93EB00449AA6 /* CryptocurrencyPriceHistoryDomainMapper.swift */,
			);
			path = Data;
			sourceTree = "<group>";
		};
		07DB46442B75BAEA0008BF30 /* Networking */ = {
			isa = PBXGroup;
			children = (
				07DB46452B75BAEA0008BF30 /* ApiDataSourceType.swift */,
				07DB46462B75BAEA0008BF30 /* HTTPClientError.swift */,
				07DB46482B75BAEA0008BF30 /* HTTPMethod.swift */,
				07DB46472B75BAEA0008BF30 /* APICryptoDataSource.swift */,
				07DB46492B75BAEA0008BF30 /* HTTPClient.swift */,
				07DB464A2B75BAEA0008BF30 /* Endpoint.swift */,
				078673052B7C3B7F00449AA6 /* ApiPriceDataSourceType.swift */,
				078673072B7C4C5000449AA6 /* ApiPriceDataSource.swift */,
			);
			path = Networking;
			sourceTree = "<group>";
		};
		07DB464B2B75BAEA0008BF30 /* Repositories */ = {
			isa = PBXGroup;
			children = (
				07DB464C2B75BAEA0008BF30 /* CrytoCurrencyRepository.swift */,
				078673012B7C387B00449AA6 /* CryptoCurrencyPriceHistoryRepository.swift */,
			);
			path = Repositories;
			sourceTree = "<group>";
		};
		07DB464E2B75BAEA0008BF30 /* DTOs */ = {
			isa = PBXGroup;
			children = (
				07DB464F2B75BAEA0008BF30 /* CryptocurrencyPriceInfoDTO.swift */,
				07DB46502B75BAEA0008BF30 /* CryptocurrencyBasicDTO.swift */,
				07DB46512B75BAEA0008BF30 /* CryptoCurrencyGlobalInfoDTO.swift */,
				078673032B7C3A6300449AA6 /* CryptocurrencyPriceHistoryDTO.swift */,
			);
			path = DTOs;
			sourceTree = "<group>";
		};
		07DB46522B75BAEB0008BF30 /* Infraestructure */ = {
			isa = PBXGroup;
			children = (
				07DB46532B75BAEB0008BF30 /* Networking */,
			);
			path = Infraestructure;
			sourceTree = "<group>";
		};
		07DB46532B75BAEB0008BF30 /* Networking */ = {
			isa = PBXGroup;
			children = (
				07DB46542B75BAEB0008BF30 /* URLSessionHTTPClient.swift */,
				07DB46552B75BAEB0008BF30 /* URLSessionRequestMaker.swift */,
				07DB46562B75BAEB0008BF30 /* URLSessionErrorResolver.swift */,
			);
			path = Networking;
			sourceTree = "<group>";
		};
		07DB46572B75BAED0008BF30 /* Presentation */ = {
			isa = PBXGroup;
			children = (
				07DB46582B75BAED0008BF30 /* GlobalCryptoListViewModel.swift */,
				071237A62B7B509E00278428 /* CryptocurrencyPresentableErrorMapper.swift */,
				071237A82B7B50D600278428 /* CryptoPresentableItem.swift */,
			);
			path = Presentation;
			sourceTree = "<group>";
		};
		07DB46592B75BAEE0008BF30 /* UI */ = {
			isa = PBXGroup;
			children = (
				07DB465A2B75BAEE0008BF30 /* GlobalCryptoListView.swift */,
				072472B62B7AFC6E0022EC07 /* CryptoListItemView.swift */,
			);
			path = UI;
			sourceTree = "<group>";
		};
		07DB465B2B75BAEF0008BF30 /* Utils */ = {
			isa = PBXGroup;
			children = (
				07DB465C2B75BAEF0008BF30 /* Foundations+Extensions.swift */,
			);
			path = Utils;
			sourceTree = "<group>";
		};
		07DB46762B75BB730008BF30 /* Composition Root */ = {
			isa = PBXGroup;
			children = (
				07DB46772B75BBAF0008BF30 /* GlobalCryptoListFactory.swift */,
			);
			path = "Composition Root";
			sourceTree = "<group>";
		};
/* End PBXGroup section */

/* Begin PBXNativeTarget section */
		07DB460B2B75BAAC0008BF30 /* CoinGekoSwiftUI */ = {
			isa = PBXNativeTarget;
			buildConfigurationList = 07DB46302B75BAAF0008BF30 /* Build configuration list for PBXNativeTarget "CoinGekoSwiftUI" */;
			buildPhases = (
				07DB46082B75BAAC0008BF30 /* Sources */,
				07DB46092B75BAAC0008BF30 /* Frameworks */,
				07DB460A2B75BAAC0008BF30 /* Resources */,
			);
			buildRules = (
			);
			dependencies = (
			);
			name = CoinGekoSwiftUI;
			productName = CoinGekoSwiftUI;
			productReference = 07DB460C2B75BAAC0008BF30 /* CoinGekoSwiftUI.app */;
			productType = "com.apple.product-type.application";
		};
		07DB461B2B75BAAE0008BF30 /* CoinGekoSwiftUITests */ = {
			isa = PBXNativeTarget;
			buildConfigurationList = 07DB46332B75BAAF0008BF30 /* Build configuration list for PBXNativeTarget "CoinGekoSwiftUITests" */;
			buildPhases = (
				07DB46182B75BAAE0008BF30 /* Sources */,
				07DB46192B75BAAE0008BF30 /* Frameworks */,
				07DB461A2B75BAAE0008BF30 /* Resources */,
			);
			buildRules = (
			);
			dependencies = (
				07DB461E2B75BAAE0008BF30 /* PBXTargetDependency */,
			);
			name = CoinGekoSwiftUITests;
			productName = CoinGekoSwiftUITests;
			productReference = 07DB461C2B75BAAE0008BF30 /* CoinGekoSwiftUITests.xctest */;
			productType = "com.apple.product-type.bundle.unit-test";
		};
		07DB46252B75BAAE0008BF30 /* CoinGekoSwiftUIUITests */ = {
			isa = PBXNativeTarget;
			buildConfigurationList = 07DB46362B75BAAF0008BF30 /* Build configuration list for PBXNativeTarget "CoinGekoSwiftUIUITests" */;
			buildPhases = (
				07DB46222B75BAAE0008BF30 /* Sources */,
				07DB46232B75BAAE0008BF30 /* Frameworks */,
				07DB46242B75BAAE0008BF30 /* Resources */,
			);
			buildRules = (
			);
			dependencies = (
				07DB46282B75BAAE0008BF30 /* PBXTargetDependency */,
			);
			name = CoinGekoSwiftUIUITests;
			productName = CoinGekoSwiftUIUITests;
			productReference = 07DB46262B75BAAE0008BF30 /* CoinGekoSwiftUIUITests.xctest */;
			productType = "com.apple.product-type.bundle.ui-testing";
		};
/* End PBXNativeTarget section */

/* Begin PBXProject section */
		07DB46042B75BAAB0008BF30 /* Project object */ = {
			isa = PBXProject;
			attributes = {
				BuildIndependentTargetsInParallel = 1;
				LastSwiftUpdateCheck = 1520;
				LastUpgradeCheck = 1520;
				TargetAttributes = {
					07DB460B2B75BAAC0008BF30 = {
						CreatedOnToolsVersion = 15.2;
					};
					07DB461B2B75BAAE0008BF30 = {
						CreatedOnToolsVersion = 15.2;
						TestTargetID = 07DB460B2B75BAAC0008BF30;
					};
					07DB46252B75BAAE0008BF30 = {
						CreatedOnToolsVersion = 15.2;
						TestTargetID = 07DB460B2B75BAAC0008BF30;
					};
				};
			};
			buildConfigurationList = 07DB46072B75BAAB0008BF30 /* Build configuration list for PBXProject "CoinGekoSwiftUI" */;
			compatibilityVersion = "Xcode 14.0";
			developmentRegion = en;
			hasScannedForEncodings = 0;
			knownRegions = (
				en,
				Base,
			);
			mainGroup = 07DB46032B75BAAB0008BF30;
			productRefGroup = 07DB460D2B75BAAC0008BF30 /* Products */;
			projectDirPath = "";
			projectRoot = "";
			targets = (
				07DB460B2B75BAAC0008BF30 /* CoinGekoSwiftUI */,
				07DB461B2B75BAAE0008BF30 /* CoinGekoSwiftUITests */,
				07DB46252B75BAAE0008BF30 /* CoinGekoSwiftUIUITests */,
			);
		};
/* End PBXProject section */

/* Begin PBXResourcesBuildPhase section */
		07DB460A2B75BAAC0008BF30 /* Resources */ = {
			isa = PBXResourcesBuildPhase;
			buildActionMask = 2147483647;
			files = (
				07DB46752B75BB060008BF30 /* README.md in Resources */,
				07DB46172B75BAAE0008BF30 /* Preview Assets.xcassets in Resources */,
				07DB46142B75BAAE0008BF30 /* Assets.xcassets in Resources */,
			);
			runOnlyForDeploymentPostprocessing = 0;
		};
		07DB461A2B75BAAE0008BF30 /* Resources */ = {
			isa = PBXResourcesBuildPhase;
			buildActionMask = 2147483647;
			files = (
			);
			runOnlyForDeploymentPostprocessing = 0;
		};
		07DB46242B75BAAE0008BF30 /* Resources */ = {
			isa = PBXResourcesBuildPhase;
			buildActionMask = 2147483647;
			files = (
			);
			runOnlyForDeploymentPostprocessing = 0;
		};
/* End PBXResourcesBuildPhase section */

/* Begin PBXSourcesBuildPhase section */
		07DB46082B75BAAC0008BF30 /* Sources */ = {
			isa = PBXSourcesBuildPhase;
			buildActionMask = 2147483647;
			files = (
				07DB46682B75BAF00008BF30 /* Endpoint.swift in Sources */,
				07DB466F2B75BAF00008BF30 /* URLSessionRequestMaker.swift in Sources */,
				078673022B7C387B00449AA6 /* CryptoCurrencyPriceHistoryRepository.swift in Sources */,
				07DB46712B75BAF00008BF30 /* GlobalCryptoListViewModel.swift in Sources */,
				07DB46622B75BAF00008BF30 /* CryptocurrencyDomainMapper.swift in Sources */,
				07DB466C2B75BAF00008BF30 /* CryptocurrencyBasicDTO.swift in Sources */,
				078672FE2B7C36B700449AA6 /* GetPriceHistory.swift in Sources */,
				078673082B7C4C5000449AA6 /* ApiPriceDataSource.swift in Sources */,
				07DB46122B75BAAC0008BF30 /* ContentView.swift in Sources */,
				07DB46782B75BBAF0008BF30 /* GlobalCryptoListFactory.swift in Sources */,
				07DB466B2B75BAF00008BF30 /* CryptocurrencyPriceInfoDTO.swift in Sources */,
				078673042B7C3A6300449AA6 /* CryptocurrencyPriceHistoryDTO.swift in Sources */,
				07DB466A2B75BAF00008BF30 /* CryptocurrencyDomainErrorMapper.swift in Sources */,
				071237A72B7B509E00278428 /* CryptocurrencyPresentableErrorMapper.swift in Sources */,
				07DB46672B75BAF00008BF30 /* HTTPClient.swift in Sources */,
				07DB465D2B75BAEF0008BF30 /* CryptocurrencyDomainError.swift in Sources */,
				07DB46632B75BAF00008BF30 /* ApiDataSourceType.swift in Sources */,
				07DB46652B75BAF00008BF30 /* APICryptoDataSource.swift in Sources */,
				078672FC2B7C364200449AA6 /* CryptocurrencyPriceHistory.swift in Sources */,
				0786730A2B7C93EB00449AA6 /* CryptocurrencyPriceHistoryDomainMapper.swift in Sources */,
				07DB46702B75BAF00008BF30 /* URLSessionErrorResolver.swift in Sources */,
				07DB465F2B75BAEF0008BF30 /* Cryptocurrency.swift in Sources */,
				07DB466E2B75BAF00008BF30 /* URLSessionHTTPClient.swift in Sources */,
				07DB46602B75BAEF0008BF30 /* GlobalCryptoListRepsitoryType.swift in Sources */,
				07DB465E2B75BAEF0008BF30 /* GetGlobalCryptoList.swift in Sources */,
				071237A92B7B50D600278428 /* CryptoPresentableItem.swift in Sources */,
				07DB46692B75BAF00008BF30 /* CrytoCurrencyRepository.swift in Sources */,
				07DB46662B75BAF00008BF30 /* HTTPMethod.swift in Sources */,
				078673062B7C3B7F00449AA6 /* ApiPriceDataSourceType.swift in Sources */,
				07DB466D2B75BAF00008BF30 /* CryptoCurrencyGlobalInfoDTO.swift in Sources */,
				07DB46642B75BAF00008BF30 /* HTTPClientError.swift in Sources */,
				07DB46102B75BAAC0008BF30 /* CoinGekoSwiftUIApp.swift in Sources */,
				07DB46722B75BAF00008BF30 /* GlobalCryptoListView.swift in Sources */,
				078673002B7C37E400449AA6 /* CryptocurrencyPriceHistoryRepositoryType.swift in Sources */,
				07DB46612B75BAF00008BF30 /* CryptocurrencyBuilder.swift in Sources */,
				072472B72B7AFC6E0022EC07 /* CryptoListItemView.swift in Sources */,
				07DB46732B75BAF00008BF30 /* Foundations+Extensions.swift in Sources */,
			);
			runOnlyForDeploymentPostprocessing = 0;
		};
		07DB46182B75BAAE0008BF30 /* Sources */ = {
			isa = PBXSourcesBuildPhase;
			buildActionMask = 2147483647;
			files = (
				07DB46212B75BAAE0008BF30 /* CoinGekoSwiftUITests.swift in Sources */,
			);
			runOnlyForDeploymentPostprocessing = 0;
		};
		07DB46222B75BAAE0008BF30 /* Sources */ = {
			isa = PBXSourcesBuildPhase;
			buildActionMask = 2147483647;
			files = (
				07DB462B2B75BAAF0008BF30 /* CoinGekoSwiftUIUITests.swift in Sources */,
				07DB462D2B75BAAF0008BF30 /* CoinGekoSwiftUIUITestsLaunchTests.swift in Sources */,
			);
			runOnlyForDeploymentPostprocessing = 0;
		};
/* End PBXSourcesBuildPhase section */

/* Begin PBXTargetDependency section */
		07DB461E2B75BAAE0008BF30 /* PBXTargetDependency */ = {
			isa = PBXTargetDependency;
			target = 07DB460B2B75BAAC0008BF30 /* CoinGekoSwiftUI */;
			targetProxy = 07DB461D2B75BAAE0008BF30 /* PBXContainerItemProxy */;
		};
		07DB46282B75BAAE0008BF30 /* PBXTargetDependency */ = {
			isa = PBXTargetDependency;
			target = 07DB460B2B75BAAC0008BF30 /* CoinGekoSwiftUI */;
			targetProxy = 07DB46272B75BAAE0008BF30 /* PBXContainerItemProxy */;
		};
/* End PBXTargetDependency section */

/* Begin XCBuildConfiguration section */
		07DB462E2B75BAAF0008BF30 /* Debug */ = {
			isa = XCBuildConfiguration;
			buildSettings = {
				ALWAYS_SEARCH_USER_PATHS = NO;
				ASSETCATALOG_COMPILER_GENERATE_SWIFT_ASSET_SYMBOL_EXTENSIONS = YES;
				CLANG_ANALYZER_NONNULL = YES;
				CLANG_ANALYZER_NUMBER_OBJECT_CONVERSION = YES_AGGRESSIVE;
				CLANG_CXX_LANGUAGE_STANDARD = "gnu++20";
				CLANG_ENABLE_MODULES = YES;
				CLANG_ENABLE_OBJC_ARC = YES;
				CLANG_ENABLE_OBJC_WEAK = YES;
				CLANG_WARN_BLOCK_CAPTURE_AUTORELEASING = YES;
				CLANG_WARN_BOOL_CONVERSION = YES;
				CLANG_WARN_COMMA = YES;
				CLANG_WARN_CONSTANT_CONVERSION = YES;
				CLANG_WARN_DEPRECATED_OBJC_IMPLEMENTATIONS = YES;
				CLANG_WARN_DIRECT_OBJC_ISA_USAGE = YES_ERROR;
				CLANG_WARN_DOCUMENTATION_COMMENTS = YES;
				CLANG_WARN_EMPTY_BODY = YES;
				CLANG_WARN_ENUM_CONVERSION = YES;
				CLANG_WARN_INFINITE_RECURSION = YES;
				CLANG_WARN_INT_CONVERSION = YES;
				CLANG_WARN_NON_LITERAL_NULL_CONVERSION = YES;
				CLANG_WARN_OBJC_IMPLICIT_RETAIN_SELF = YES;
				CLANG_WARN_OBJC_LITERAL_CONVERSION = YES;
				CLANG_WARN_OBJC_ROOT_CLASS = YES_ERROR;
				CLANG_WARN_QUOTED_INCLUDE_IN_FRAMEWORK_HEADER = YES;
				CLANG_WARN_RANGE_LOOP_ANALYSIS = YES;
				CLANG_WARN_STRICT_PROTOTYPES = YES;
				CLANG_WARN_SUSPICIOUS_MOVE = YES;
				CLANG_WARN_UNGUARDED_AVAILABILITY = YES_AGGRESSIVE;
				CLANG_WARN_UNREACHABLE_CODE = YES;
				CLANG_WARN__DUPLICATE_METHOD_MATCH = YES;
				COPY_PHASE_STRIP = NO;
				DEBUG_INFORMATION_FORMAT = dwarf;
				ENABLE_STRICT_OBJC_MSGSEND = YES;
				ENABLE_TESTABILITY = YES;
				ENABLE_USER_SCRIPT_SANDBOXING = YES;
				GCC_C_LANGUAGE_STANDARD = gnu17;
				GCC_DYNAMIC_NO_PIC = NO;
				GCC_NO_COMMON_BLOCKS = YES;
				GCC_OPTIMIZATION_LEVEL = 0;
				GCC_PREPROCESSOR_DEFINITIONS = (
					"DEBUG=1",
					"$(inherited)",
				);
				GCC_WARN_64_TO_32_BIT_CONVERSION = YES;
				GCC_WARN_ABOUT_RETURN_TYPE = YES_ERROR;
				GCC_WARN_UNDECLARED_SELECTOR = YES;
				GCC_WARN_UNINITIALIZED_AUTOS = YES_AGGRESSIVE;
				GCC_WARN_UNUSED_FUNCTION = YES;
				GCC_WARN_UNUSED_VARIABLE = YES;
				IPHONEOS_DEPLOYMENT_TARGET = 17.2;
				LOCALIZATION_PREFERS_STRING_CATALOGS = YES;
				MTL_ENABLE_DEBUG_INFO = INCLUDE_SOURCE;
				MTL_FAST_MATH = YES;
				ONLY_ACTIVE_ARCH = YES;
				SDKROOT = iphoneos;
				SWIFT_ACTIVE_COMPILATION_CONDITIONS = "DEBUG $(inherited)";
				SWIFT_OPTIMIZATION_LEVEL = "-Onone";
			};
			name = Debug;
		};
		07DB462F2B75BAAF0008BF30 /* Release */ = {
			isa = XCBuildConfiguration;
			buildSettings = {
				ALWAYS_SEARCH_USER_PATHS = NO;
				ASSETCATALOG_COMPILER_GENERATE_SWIFT_ASSET_SYMBOL_EXTENSIONS = YES;
				CLANG_ANALYZER_NONNULL = YES;
				CLANG_ANALYZER_NUMBER_OBJECT_CONVERSION = YES_AGGRESSIVE;
				CLANG_CXX_LANGUAGE_STANDARD = "gnu++20";
				CLANG_ENABLE_MODULES = YES;
				CLANG_ENABLE_OBJC_ARC = YES;
				CLANG_ENABLE_OBJC_WEAK = YES;
				CLANG_WARN_BLOCK_CAPTURE_AUTORELEASING = YES;
				CLANG_WARN_BOOL_CONVERSION = YES;
				CLANG_WARN_COMMA = YES;
				CLANG_WARN_CONSTANT_CONVERSION = YES;
				CLANG_WARN_DEPRECATED_OBJC_IMPLEMENTATIONS = YES;
				CLANG_WARN_DIRECT_OBJC_ISA_USAGE = YES_ERROR;
				CLANG_WARN_DOCUMENTATION_COMMENTS = YES;
				CLANG_WARN_EMPTY_BODY = YES;
				CLANG_WARN_ENUM_CONVERSION = YES;
				CLANG_WARN_INFINITE_RECURSION = YES;
				CLANG_WARN_INT_CONVERSION = YES;
				CLANG_WARN_NON_LITERAL_NULL_CONVERSION = YES;
				CLANG_WARN_OBJC_IMPLICIT_RETAIN_SELF = YES;
				CLANG_WARN_OBJC_LITERAL_CONVERSION = YES;
				CLANG_WARN_OBJC_ROOT_CLASS = YES_ERROR;
				CLANG_WARN_QUOTED_INCLUDE_IN_FRAMEWORK_HEADER = YES;
				CLANG_WARN_RANGE_LOOP_ANALYSIS = YES;
				CLANG_WARN_STRICT_PROTOTYPES = YES;
				CLANG_WARN_SUSPICIOUS_MOVE = YES;
				CLANG_WARN_UNGUARDED_AVAILABILITY = YES_AGGRESSIVE;
				CLANG_WARN_UNREACHABLE_CODE = YES;
				CLANG_WARN__DUPLICATE_METHOD_MATCH = YES;
				COPY_PHASE_STRIP = NO;
				DEBUG_INFORMATION_FORMAT = "dwarf-with-dsym";
				ENABLE_NS_ASSERTIONS = NO;
				ENABLE_STRICT_OBJC_MSGSEND = YES;
				ENABLE_USER_SCRIPT_SANDBOXING = YES;
				GCC_C_LANGUAGE_STANDARD = gnu17;
				GCC_NO_COMMON_BLOCKS = YES;
				GCC_WARN_64_TO_32_BIT_CONVERSION = YES;
				GCC_WARN_ABOUT_RETURN_TYPE = YES_ERROR;
				GCC_WARN_UNDECLARED_SELECTOR = YES;
				GCC_WARN_UNINITIALIZED_AUTOS = YES_AGGRESSIVE;
				GCC_WARN_UNUSED_FUNCTION = YES;
				GCC_WARN_UNUSED_VARIABLE = YES;
				IPHONEOS_DEPLOYMENT_TARGET = 17.2;
				LOCALIZATION_PREFERS_STRING_CATALOGS = YES;
				MTL_ENABLE_DEBUG_INFO = NO;
				MTL_FAST_MATH = YES;
				SDKROOT = iphoneos;
				SWIFT_COMPILATION_MODE = wholemodule;
				VALIDATE_PRODUCT = YES;
			};
			name = Release;
		};
		07DB46312B75BAAF0008BF30 /* Debug */ = {
			isa = XCBuildConfiguration;
			buildSettings = {
				ASSETCATALOG_COMPILER_APPICON_NAME = AppIcon;
				ASSETCATALOG_COMPILER_GLOBAL_ACCENT_COLOR_NAME = AccentColor;
				CODE_SIGN_STYLE = Automatic;
				CURRENT_PROJECT_VERSION = 1;
				DEVELOPMENT_ASSET_PATHS = "\"CoinGekoSwiftUI/Preview Content\"";
				DEVELOPMENT_TEAM = AFSL2K239Y;
				ENABLE_PREVIEWS = YES;
				GENERATE_INFOPLIST_FILE = YES;
				INFOPLIST_KEY_UIApplicationSceneManifest_Generation = YES;
				INFOPLIST_KEY_UIApplicationSupportsIndirectInputEvents = YES;
				INFOPLIST_KEY_UILaunchScreen_Generation = YES;
				INFOPLIST_KEY_UISupportedInterfaceOrientations_iPad = "UIInterfaceOrientationPortrait UIInterfaceOrientationPortraitUpsideDown UIInterfaceOrientationLandscapeLeft UIInterfaceOrientationLandscapeRight";
				INFOPLIST_KEY_UISupportedInterfaceOrientations_iPhone = "UIInterfaceOrientationPortrait UIInterfaceOrientationLandscapeLeft UIInterfaceOrientationLandscapeRight";
				LD_RUNPATH_SEARCH_PATHS = (
					"$(inherited)",
					"@executable_path/Frameworks",
				);
				MARKETING_VERSION = 1.0;
				PRODUCT_BUNDLE_IDENTIFIER = com.ba.CoinGekoSwiftUI;
				PRODUCT_NAME = "$(TARGET_NAME)";
				SWIFT_EMIT_LOC_STRINGS = YES;
				SWIFT_VERSION = 5.0;
				TARGETED_DEVICE_FAMILY = "1,2";
			};
			name = Debug;
		};
		07DB46322B75BAAF0008BF30 /* Release */ = {
			isa = XCBuildConfiguration;
			buildSettings = {
				ASSETCATALOG_COMPILER_APPICON_NAME = AppIcon;
				ASSETCATALOG_COMPILER_GLOBAL_ACCENT_COLOR_NAME = AccentColor;
				CODE_SIGN_STYLE = Automatic;
				CURRENT_PROJECT_VERSION = 1;
				DEVELOPMENT_ASSET_PATHS = "\"CoinGekoSwiftUI/Preview Content\"";
				DEVELOPMENT_TEAM = AFSL2K239Y;
				ENABLE_PREVIEWS = YES;
				GENERATE_INFOPLIST_FILE = YES;
				INFOPLIST_KEY_UIApplicationSceneManifest_Generation = YES;
				INFOPLIST_KEY_UIApplicationSupportsIndirectInputEvents = YES;
				INFOPLIST_KEY_UILaunchScreen_Generation = YES;
				INFOPLIST_KEY_UISupportedInterfaceOrientations_iPad = "UIInterfaceOrientationPortrait UIInterfaceOrientationPortraitUpsideDown UIInterfaceOrientationLandscapeLeft UIInterfaceOrientationLandscapeRight";
				INFOPLIST_KEY_UISupportedInterfaceOrientations_iPhone = "UIInterfaceOrientationPortrait UIInterfaceOrientationLandscapeLeft UIInterfaceOrientationLandscapeRight";
				LD_RUNPATH_SEARCH_PATHS = (
					"$(inherited)",
					"@executable_path/Frameworks",
				);
				MARKETING_VERSION = 1.0;
				PRODUCT_BUNDLE_IDENTIFIER = com.ba.CoinGekoSwiftUI;
				PRODUCT_NAME = "$(TARGET_NAME)";
				SWIFT_EMIT_LOC_STRINGS = YES;
				SWIFT_VERSION = 5.0;
				TARGETED_DEVICE_FAMILY = "1,2";
			};
			name = Release;
		};
		07DB46342B75BAAF0008BF30 /* Debug */ = {
			isa = XCBuildConfiguration;
			buildSettings = {
				ALWAYS_EMBED_SWIFT_STANDARD_LIBRARIES = YES;
				BUNDLE_LOADER = "$(TEST_HOST)";
				CODE_SIGN_STYLE = Automatic;
				CURRENT_PROJECT_VERSION = 1;
				DEVELOPMENT_TEAM = AFSL2K239Y;
				GENERATE_INFOPLIST_FILE = YES;
				IPHONEOS_DEPLOYMENT_TARGET = 17.2;
				MARKETING_VERSION = 1.0;
				PRODUCT_BUNDLE_IDENTIFIER = com.ba.CoinGekoSwiftUITests;
				PRODUCT_NAME = "$(TARGET_NAME)";
				SWIFT_EMIT_LOC_STRINGS = NO;
				SWIFT_VERSION = 5.0;
				TARGETED_DEVICE_FAMILY = "1,2";
				TEST_HOST = "$(BUILT_PRODUCTS_DIR)/CoinGekoSwiftUI.app/$(BUNDLE_EXECUTABLE_FOLDER_PATH)/CoinGekoSwiftUI";
			};
			name = Debug;
		};
		07DB46352B75BAAF0008BF30 /* Release */ = {
			isa = XCBuildConfiguration;
			buildSettings = {
				ALWAYS_EMBED_SWIFT_STANDARD_LIBRARIES = YES;
				BUNDLE_LOADER = "$(TEST_HOST)";
				CODE_SIGN_STYLE = Automatic;
				CURRENT_PROJECT_VERSION = 1;
				DEVELOPMENT_TEAM = AFSL2K239Y;
				GENERATE_INFOPLIST_FILE = YES;
				IPHONEOS_DEPLOYMENT_TARGET = 17.2;
				MARKETING_VERSION = 1.0;
				PRODUCT_BUNDLE_IDENTIFIER = com.ba.CoinGekoSwiftUITests;
				PRODUCT_NAME = "$(TARGET_NAME)";
				SWIFT_EMIT_LOC_STRINGS = NO;
				SWIFT_VERSION = 5.0;
				TARGETED_DEVICE_FAMILY = "1,2";
				TEST_HOST = "$(BUILT_PRODUCTS_DIR)/CoinGekoSwiftUI.app/$(BUNDLE_EXECUTABLE_FOLDER_PATH)/CoinGekoSwiftUI";
			};
			name = Release;
		};
		07DB46372B75BAAF0008BF30 /* Debug */ = {
			isa = XCBuildConfiguration;
			buildSettings = {
				ALWAYS_EMBED_SWIFT_STANDARD_LIBRARIES = YES;
				CODE_SIGN_STYLE = Automatic;
				CURRENT_PROJECT_VERSION = 1;
				DEVELOPMENT_TEAM = AFSL2K239Y;
				GENERATE_INFOPLIST_FILE = YES;
				MARKETING_VERSION = 1.0;
				PRODUCT_BUNDLE_IDENTIFIER = com.ba.CoinGekoSwiftUIUITests;
				PRODUCT_NAME = "$(TARGET_NAME)";
				SWIFT_EMIT_LOC_STRINGS = NO;
				SWIFT_VERSION = 5.0;
				TARGETED_DEVICE_FAMILY = "1,2";
				TEST_TARGET_NAME = CoinGekoSwiftUI;
			};
			name = Debug;
		};
		07DB46382B75BAAF0008BF30 /* Release */ = {
			isa = XCBuildConfiguration;
			buildSettings = {
				ALWAYS_EMBED_SWIFT_STANDARD_LIBRARIES = YES;
				CODE_SIGN_STYLE = Automatic;
				CURRENT_PROJECT_VERSION = 1;
				DEVELOPMENT_TEAM = AFSL2K239Y;
				GENERATE_INFOPLIST_FILE = YES;
				MARKETING_VERSION = 1.0;
				PRODUCT_BUNDLE_IDENTIFIER = com.ba.CoinGekoSwiftUIUITests;
				PRODUCT_NAME = "$(TARGET_NAME)";
				SWIFT_EMIT_LOC_STRINGS = NO;
				SWIFT_VERSION = 5.0;
				TARGETED_DEVICE_FAMILY = "1,2";
				TEST_TARGET_NAME = CoinGekoSwiftUI;
			};
			name = Release;
		};
/* End XCBuildConfiguration section */

/* Begin XCConfigurationList section */
		07DB46072B75BAAB0008BF30 /* Build configuration list for PBXProject "CoinGekoSwiftUI" */ = {
			isa = XCConfigurationList;
			buildConfigurations = (
				07DB462E2B75BAAF0008BF30 /* Debug */,
				07DB462F2B75BAAF0008BF30 /* Release */,
			);
			defaultConfigurationIsVisible = 0;
			defaultConfigurationName = Release;
		};
		07DB46302B75BAAF0008BF30 /* Build configuration list for PBXNativeTarget "CoinGekoSwiftUI" */ = {
			isa = XCConfigurationList;
			buildConfigurations = (
				07DB46312B75BAAF0008BF30 /* Debug */,
				07DB46322B75BAAF0008BF30 /* Release */,
			);
			defaultConfigurationIsVisible = 0;
			defaultConfigurationName = Release;
		};
		07DB46332B75BAAF0008BF30 /* Build configuration list for PBXNativeTarget "CoinGekoSwiftUITests" */ = {
			isa = XCConfigurationList;
			buildConfigurations = (
				07DB46342B75BAAF0008BF30 /* Debug */,
				07DB46352B75BAAF0008BF30 /* Release */,
			);
			defaultConfigurationIsVisible = 0;
			defaultConfigurationName = Release;
		};
		07DB46362B75BAAF0008BF30 /* Build configuration list for PBXNativeTarget "CoinGekoSwiftUIUITests" */ = {
			isa = XCConfigurationList;
			buildConfigurations = (
				07DB46372B75BAAF0008BF30 /* Debug */,
				07DB46382B75BAAF0008BF30 /* Release */,
			);
			defaultConfigurationIsVisible = 0;
			defaultConfigurationName = Release;
		};
/* End XCConfigurationList section */
	};
	rootObject = 07DB46042B75BAAB0008BF30 /* Project object */;
}
